
Microsoft Visual Studio Solution File, Format Version 12.00
# Visual Studio Version 17
VisualStudioVersion = 17.0.32014.148
MinimumVisualStudioVersion = 10.0.40219.1
Project("{9A19103F-16F7-4668-BE54-9A1E7A4F7556}") = "BibleMarkdown", "BibleMarkdown\BibleMarkdown.csproj", "{86E1157D-519C-4777-A5B9-3C0B50274BE8}"
EndProject
Project("{54435603-DBB4-11D2-8724-00A0C9A8B90C}") = "BibleMarkdown.Msi", "BibleMarkdown.Msi\BibleMarkdown.Msi.vdproj", "{2C2097F5-AD31-A8EC-90BF-4A438B5620BC}"
EndProject
Project("{2150E333-8FDC-42A3-9474-1A3956D46DE8}") = "Global", "Global", "{02EA681E-C7D8-13C7-8484-4AC65E1B71E8}"
	ProjectSection(SolutionItems) = preProject
		.gitignore = .gitignore
		PushToNuget.bat = PushToNuget.bat
	EndProjectSection
EndProject
Global
	GlobalSection(SolutionConfigurationPlatforms) = preSolution
		Debug|Any CPU = Debug|Any CPU
		Release|Any CPU = Release|Any CPU
	EndGlobalSection
	GlobalSection(ProjectConfigurationPlatforms) = postSolution
		{86E1157D-519C-4777-A5B9-3C0B50274BE8}.Debug|Any CPU.ActiveCfg = Debug|Any CPU
		{86E1157D-519C-4777-A5B9-3C0B50274BE8}.Debug|Any CPU.Build.0 = Debug|Any CPU
		{86E1157D-519C-4777-A5B9-3C0B50274BE8}.Release|Any CPU.ActiveCfg = Release|Any CPU
		{86E1157D-519C-4777-A5B9-3C0B50274BE8}.Release|Any CPU.Build.0 = Release|Any CPU
		{2C2097F5-AD31-A8EC-90BF-4A438B5620BC}.Debug|Any CPU.ActiveCfg = Debug
		{2C2097F5-AD31-A8EC-90BF-4A438B5620BC}.Release|Any CPU.ActiveCfg = Release
	EndGlobalSection
	GlobalSection(SolutionProperties) = preSolution
		HideSolutionNode = FALSE
	EndGlobalSection
	GlobalSection(ExtensibilityGlobals) = postSolution
		SolutionGuid = {A8943D6C-6605-496D-AF43-0B2FDD867174}
	EndGlobalSection
EndGlobal
